
Microsoft Visual Studio Solution File, Format Version 12.00
# Visual Studio Version 16
VisualStudioVersion = 16.0.30611.23
MinimumVisualStudioVersion = 10.0.40219.1
Project("{FAE04EC0-301F-11D3-BF4B-00C04F79EFBC}") = "MunityClient.UWP", "MunityClient\MunityClient.UWP\MunityClient.UWP.csproj", "{2C0C252F-57AA-4BAF-B687-1A05864233D4}"
EndProject
Project("{FAE04EC0-301F-11D3-BF4B-00C04F79EFBC}") = "MunityClient.Android", "MunityClient\MunityClient.Android\MunityClient.Android.csproj", "{9F3758CC-C8F0-4796-BB42-AC6C005E0F0E}"
EndProject
Project("{FAE04EC0-301F-11D3-BF4B-00C04F79EFBC}") = "MunityClient.iOS", "MunityClient\MunityClient.iOS\MunityClient.iOS.csproj", "{79C5C291-944C-40D3-9AD9-5F8BC8F32256}"
EndProject
Project("{FAE04EC0-301F-11D3-BF4B-00C04F79EFBC}") = "MunityClient", "MunityClient\MunityClient\MunityClient.csproj", "{4B6A01A5-3F33-47A9-8430-3B0FE8244967}"
EndProject
Global
	GlobalSection(SolutionConfigurationPlatforms) = preSolution
		Debug|Any CPU = Debug|Any CPU
		Debug|ARM = Debug|ARM
		Debug|iPhone = Debug|iPhone
		Debug|iPhoneSimulator = Debug|iPhoneSimulator
		Debug|x64 = Debug|x64
		Debug|x86 = Debug|x86
		Release|Any CPU = Release|Any CPU
		Release|ARM = Release|ARM
		Release|iPhone = Release|iPhone
		Release|iPhoneSimulator = Release|iPhoneSimulator
		Release|x64 = Release|x64
		Release|x86 = Release|x86
	EndGlobalSection
	GlobalSection(ProjectConfigurationPlatforms) = postSolution
		{2C0C252F-57AA-4BAF-B687-1A05864233D4}.Debug|Any CPU.ActiveCfg = Debug|x86
		{2C0C252F-57AA-4BAF-B687-1A05864233D4}.Debug|Any CPU.Build.0 = Debug|x86
		{2C0C252F-57AA-4BAF-B687-1A05864233D4}.Debug|Any CPU.Deploy.0 = Debug|x86
		{2C0C252F-57AA-4BAF-B687-1A05864233D4}.Debug|ARM.ActiveCfg = Debug|ARM
		{2C0C252F-57AA-4BAF-B687-1A05864233D4}.Debug|ARM.Build.0 = Debug|ARM
		{2C0C252F-57AA-4BAF-B687-1A05864233D4}.Debug|ARM.Deploy.0 = Debug|ARM
		{2C0C252F-57AA-4BAF-B687-1A05864233D4}.Debug|iPhone.ActiveCfg = Debug|x86
		{2C0C252F-57AA-4BAF-B687-1A05864233D4}.Debug|iPhone.Build.0 = Debug|x86
		{2C0C252F-57AA-4BAF-B687-1A05864233D4}.Debug|iPhone.Deploy.0 = Debug|x86
		{2C0C252F-57AA-4BAF-B687-1A05864233D4}.Debug|iPhoneSimulator.ActiveCfg = Debug|x86
		{2C0C252F-57AA-4BAF-B687-1A05864233D4}.Debug|iPhoneSimulator.Build.0 = Debug|x86
		{2C0C252F-57AA-4BAF-B687-1A05864233D4}.Debug|iPhoneSimulator.Deploy.0 = Debug|x86
		{2C0C252F-57AA-4BAF-B687-1A05864233D4}.Debug|x64.ActiveCfg = Debug|x64
		{2C0C252F-57AA-4BAF-B687-1A05864233D4}.Debug|x64.Build.0 = Debug|x64
		{2C0C252F-57AA-4BAF-B687-1A05864233D4}.Debug|x64.Deploy.0 = Debug|x64
		{2C0C252F-57AA-4BAF-B687-1A05864233D4}.Debug|x86.ActiveCfg = Debug|x86
		{2C0C252F-57AA-4BAF-B687-1A05864233D4}.Debug|x86.Build.0 = Debug|x86
		{2C0C252F-57AA-4BAF-B687-1A05864233D4}.Debug|x86.Deploy.0 = Debug|x86
		{2C0C252F-57AA-4BAF-B687-1A05864233D4}.Release|Any CPU.ActiveCfg = Release|x86
		{2C0C252F-57AA-4BAF-B687-1A05864233D4}.Release|Any CPU.Build.0 = Release|x86
		{2C0C252F-57AA-4BAF-B687-1A05864233D4}.Release|Any CPU.Deploy.0 = Release|x86
		{2C0C252F-57AA-4BAF-B687-1A05864233D4}.Release|ARM.ActiveCfg = Release|ARM
		{2C0C252F-57AA-4BAF-B687-1A05864233D4}.Release|ARM.Build.0 = Release|ARM
		{2C0C252F-57AA-4BAF-B687-1A05864233D4}.Release|ARM.Deploy.0 = Release|ARM
		{2C0C252F-57AA-4BAF-B687-1A05864233D4}.Release|iPhone.ActiveCfg = Release|x86
		{2C0C252F-57AA-4BAF-B687-1A05864233D4}.Release|iPhone.Build.0 = Release|x86
		{2C0C252F-57AA-4BAF-B687-1A05864233D4}.Release|iPhone.Deploy.0 = Release|x86
		{2C0C252F-57AA-4BAF-B687-1A05864233D4}.Release|iPhoneSimulator.ActiveCfg = Release|x86
		{2C0C252F-57AA-4BAF-B687-1A05864233D4}.Release|iPhoneSimulator.Build.0 = Release|x86
		{2C0C252F-57AA-4BAF-B687-1A05864233D4}.Release|iPhoneSimulator.Deploy.0 = Release|x86
		{2C0C252F-57AA-4BAF-B687-1A05864233D4}.Release|x64.ActiveCfg = Release|x64
		{2C0C252F-57AA-4BAF-B687-1A05864233D4}.Release|x64.Build.0 = Release|x64
		{2C0C252F-57AA-4BAF-B687-1A05864233D4}.Release|x64.Deploy.0 = Release|x64
		{2C0C252F-57AA-4BAF-B687-1A05864233D4}.Release|x86.ActiveCfg = Release|x86
		{2C0C252F-57AA-4BAF-B687-1A05864233D4}.Release|x86.Build.0 = Release|x86
		{2C0C252F-57AA-4BAF-B687-1A05864233D4}.Release|x86.Deploy.0 = Release|x86
		{9F3758CC-C8F0-4796-BB42-AC6C005E0F0E}.Debug|Any CPU.ActiveCfg = Debug|Any CPU
		{9F3758CC-C8F0-4796-BB42-AC6C005E0F0E}.Debug|Any CPU.Build.0 = Debug|Any CPU
		{9F3758CC-C8F0-4796-BB42-AC6C005E0F0E}.Debug|Any CPU.Deploy.0 = Debug|Any CPU
		{9F3758CC-C8F0-4796-BB42-AC6C005E0F0E}.Debug|ARM.ActiveCfg = Debug|Any CPU
		{9F3758CC-C8F0-4796-BB42-AC6C005E0F0E}.Debug|ARM.Build.0 = Debug|Any CPU
		{9F3758CC-C8F0-4796-BB42-AC6C005E0F0E}.Debug|ARM.Deploy.0 = Debug|Any CPU
		{9F3758CC-C8F0-4796-BB42-AC6C005E0F0E}.Debug|iPhone.ActiveCfg = Debug|Any CPU
		{9F3758CC-C8F0-4796-BB42-AC6C005E0F0E}.Debug|iPhone.Build.0 = Debug|Any CPU
		{9F3758CC-C8F0-4796-BB42-AC6C005E0F0E}.Debug|iPhone.Deploy.0 = Debug|Any CPU
		{9F3758CC-C8F0-4796-BB42-AC6C005E0F0E}.Debug|iPhoneSimulator.ActiveCfg = Debug|Any CPU
		{9F3758CC-C8F0-4796-BB42-AC6C005E0F0E}.Debug|iPhoneSimulator.Build.0 = Debug|Any CPU
		{9F3758CC-C8F0-4796-BB42-AC6C005E0F0E}.Debug|iPhoneSimulator.Deploy.0 = Debug|Any CPU
		{9F3758CC-C8F0-4796-BB42-AC6C005E0F0E}.Debug|x64.ActiveCfg = Debug|Any CPU
		{9F3758CC-C8F0-4796-BB42-AC6C005E0F0E}.Debug|x64.Build.0 = Debug|Any CPU
		{9F3758CC-C8F0-4796-BB42-AC6C005E0F0E}.Debug|x64.Deploy.0 = Debug|Any CPU
		{9F3758CC-C8F0-4796-BB42-AC6C005E0F0E}.Debug|x86.ActiveCfg = Debug|Any CPU
		{9F3758CC-C8F0-4796-BB42-AC6C005E0F0E}.Debug|x86.Build.0 = Debug|Any CPU
		{9F3758CC-C8F0-4796-BB42-AC6C005E0F0E}.Debug|x86.Deploy.0 = Debug|Any CPU
		{9F3758CC-C8F0-4796-BB42-AC6C005E0F0E}.Release|Any CPU.ActiveCfg = Release|Any CPU
		{9F3758CC-C8F0-4796-BB42-AC6C005E0F0E}.Release|Any CPU.Build.0 = Release|Any CPU
		{9F3758CC-C8F0-4796-BB42-AC6C005E0F0E}.Release|Any CPU.Deploy.0 = Release|Any CPU
		{9F3758CC-C8F0-4796-BB42-AC6C005E0F0E}.Release|ARM.ActiveCfg = Release|Any CPU
		{9F3758CC-C8F0-4796-BB42-AC6C005E0F0E}.Release|ARM.Build.0 = Release|Any CPU
		{9F3758CC-C8F0-4796-BB42-AC6C005E0F0E}.Release|ARM.Deploy.0 = Release|Any CPU
		{9F3758CC-C8F0-4796-BB42-AC6C005E0F0E}.Release|iPhone.ActiveCfg = Release|Any CPU
		{9F3758CC-C8F0-4796-BB42-AC6C005E0F0E}.Release|iPhone.Build.0 = Release|Any CPU
		{9F3758CC-C8F0-4796-BB42-AC6C005E0F0E}.Release|iPhone.Deploy.0 = Release|Any CPU
		{9F3758CC-C8F0-4796-BB42-AC6C005E0F0E}.Release|iPhoneSimulator.ActiveCfg = Release|Any CPU
		{9F3758CC-C8F0-4796-BB42-AC6C005E0F0E}.Release|iPhoneSimulator.Build.0 = Release|Any CPU
		{9F3758CC-C8F0-4796-BB42-AC6C005E0F0E}.Release|iPhoneSimulator.Deploy.0 = Release|Any CPU
		{9F3758CC-C8F0-4796-BB42-AC6C005E0F0E}.Release|x64.ActiveCfg = Release|Any CPU
		{9F3758CC-C8F0-4796-BB42-AC6C005E0F0E}.Release|x64.Build.0 = Release|Any CPU
		{9F3758CC-C8F0-4796-BB42-AC6C005E0F0E}.Release|x64.Deploy.0 = Release|Any CPU
		{9F3758CC-C8F0-4796-BB42-AC6C005E0F0E}.Release|x86.ActiveCfg = Release|Any CPU
		{9F3758CC-C8F0-4796-BB42-AC6C005E0F0E}.Release|x86.Build.0 = Release|Any CPU
		{9F3758CC-C8F0-4796-BB42-AC6C005E0F0E}.Release|x86.Deploy.0 = Release|Any CPU
		{79C5C291-944C-40D3-9AD9-5F8BC8F32256}.Debug|Any CPU.ActiveCfg = Debug|iPhoneSimulator
		{79C5C291-944C-40D3-9AD9-5F8BC8F32256}.Debug|Any CPU.Build.0 = Debug|iPhoneSimulator
		{79C5C291-944C-40D3-9AD9-5F8BC8F32256}.Debug|Any CPU.Deploy.0 = Debug|iPhoneSimulator
		{79C5C291-944C-40D3-9AD9-5F8BC8F32256}.Debug|ARM.ActiveCfg = Debug|iPhone
		{79C5C291-944C-40D3-9AD9-5F8BC8F32256}.Debug|ARM.Build.0 = Debug|iPhone
		{79C5C291-944C-40D3-9AD9-5F8BC8F32256}.Debug|ARM.Deploy.0 = Debug|iPhone
		{79C5C291-944C-40D3-9AD9-5F8BC8F32256}.Debug|iPhone.ActiveCfg = Debug|iPhone
		{79C5C291-944C-40D3-9AD9-5F8BC8F32256}.Debug|iPhone.Build.0 = Debug|iPhone
		{79C5C291-944C-40D3-9AD9-5F8BC8F32256}.Debug|iPhone.Deploy.0 = Debug|iPhone
		{79C5C291-944C-40D3-9AD9-5F8BC8F32256}.Debug|iPhoneSimulator.ActiveCfg = Debug|iPhoneSimulator
		{79C5C291-944C-40D3-9AD9-5F8BC8F32256}.Debug|iPhoneSimulator.Build.0 = Debug|iPhoneSimulator
		{79C5C291-944C-40D3-9AD9-5F8BC8F32256}.Debug|iPhoneSimulator.Deploy.0 = Debug|iPhoneSimulator
		{79C5C291-944C-40D3-9AD9-5F8BC8F32256}.Debug|x64.ActiveCfg = Debug|iPhoneSimulator
		{79C5C291-944C-40D3-9AD9-5F8BC8F32256}.Debug|x64.Build.0 = Debug|iPhoneSimulator
		{79C5C291-944C-40D3-9AD9-5F8BC8F32256}.Debug|x64.Deploy.0 = Debug|iPhoneSimulator
		{79C5C291-944C-40D3-9AD9-5F8BC8F32256}.Debug|x86.ActiveCfg = Debug|iPhoneSimulator
		{79C5C291-944C-40D3-9AD9-5F8BC8F32256}.Debug|x86.Build.0 = Debug|iPhoneSimulator
		{79C5C291-944C-40D3-9AD9-5F8BC8F32256}.Debug|x86.Deploy.0 = Debug|iPhoneSimulator
		{79C5C291-944C-40D3-9AD9-5F8BC8F32256}.Release|Any CPU.ActiveCfg = Release|iPhoneSimulator
		{79C5C291-944C-40D3-9AD9-5F8BC8F32256}.Release|Any CPU.Build.0 = Release|iPhoneSimulator
		{79C5C291-944C-40D3-9AD9-5F8BC8F32256}.Release|Any CPU.Deploy.0 = Release|iPhoneSimulator
		{79C5C291-944C-40D3-9AD9-5F8BC8F32256}.Release|ARM.ActiveCfg = Release|iPhoneSimulator
		{79C5C291-944C-40D3-9AD9-5F8BC8F32256}.Release|ARM.Build.0 = Release|iPhoneSimulator
		{79C5C291-944C-40D3-9AD9-5F8BC8F32256}.Release|ARM.Deploy.0 = Release|iPhoneSimulator
		{79C5C291-944C-40D3-9AD9-5F8BC8F32256}.Release|iPhone.ActiveCfg = Release|iPhone
		{79C5C291-944C-40D3-9AD9-5F8BC8F32256}.Release|iPhone.Build.0 = Release|iPhone
		{79C5C291-944C-40D3-9AD9-5F8BC8F32256}.Release|iPhone.Deploy.0 = Release|iPhone
		{79C5C291-944C-40D3-9AD9-5F8BC8F32256}.Release|iPhoneSimulator.ActiveCfg = Release|iPhoneSimulator
		{79C5C291-944C-40D3-9AD9-5F8BC8F32256}.Release|iPhoneSimulator.Build.0 = Release|iPhoneSimulator
		{79C5C291-944C-40D3-9AD9-5F8BC8F32256}.Release|iPhoneSimulator.Deploy.0 = Release|iPhoneSimulator
		{79C5C291-944C-40D3-9AD9-5F8BC8F32256}.Release|x64.ActiveCfg = Release|iPhoneSimulator
		{79C5C291-944C-40D3-9AD9-5F8BC8F32256}.Release|x64.Build.0 = Release|iPhoneSimulator
		{79C5C291-944C-40D3-9AD9-5F8BC8F32256}.Release|x64.Deploy.0 = Release|iPhoneSimulator
		{79C5C291-944C-40D3-9AD9-5F8BC8F32256}.Release|x86.ActiveCfg = Release|iPhoneSimulator
		{79C5C291-944C-40D3-9AD9-5F8BC8F32256}.Release|x86.Build.0 = Release|iPhoneSimulator
		{79C5C291-944C-40D3-9AD9-5F8BC8F32256}.Release|x86.Deploy.0 = Release|iPhoneSimulator
		{4B6A01A5-3F33-47A9-8430-3B0FE8244967}.Debug|Any CPU.ActiveCfg = Debug|Any CPU
		{4B6A01A5-3F33-47A9-8430-3B0FE8244967}.Debug|Any CPU.Build.0 = Debug|Any CPU
		{4B6A01A5-3F33-47A9-8430-3B0FE8244967}.Debug|Any CPU.Deploy.0 = Debug|Any CPU
		{4B6A01A5-3F33-47A9-8430-3B0FE8244967}.Debug|ARM.ActiveCfg = Debug|Any CPU
		{4B6A01A5-3F33-47A9-8430-3B0FE8244967}.Debug|ARM.Build.0 = Debug|Any CPU
		{4B6A01A5-3F33-47A9-8430-3B0FE8244967}.Debug|ARM.Deploy.0 = Debug|Any CPU
		{4B6A01A5-3F33-47A9-8430-3B0FE8244967}.Debug|iPhone.ActiveCfg = Debug|Any CPU
		{4B6A01A5-3F33-47A9-8430-3B0FE8244967}.Debug|iPhone.Build.0 = Debug|Any CPU
		{4B6A01A5-3F33-47A9-8430-3B0FE8244967}.Debug|iPhone.Deploy.0 = Debug|Any CPU
		{4B6A01A5-3F33-47A9-8430-3B0FE8244967}.Debug|iPhoneSimulator.ActiveCfg = Debug|Any CPU
		{4B6A01A5-3F33-47A9-8430-3B0FE8244967}.Debug|iPhoneSimulator.Build.0 = Debug|Any CPU
		{4B6A01A5-3F33-47A9-8430-3B0FE8244967}.Debug|iPhoneSimulator.Deploy.0 = Debug|Any CPU
		{4B6A01A5-3F33-47A9-8430-3B0FE8244967}.Debug|x64.ActiveCfg = Debug|Any CPU
		{4B6A01A5-3F33-47A9-8430-3B0FE8244967}.Debug|x64.Build.0 = Debug|Any CPU
		{4B6A01A5-3F33-47A9-8430-3B0FE8244967}.Debug|x64.Deploy.0 = Debug|Any CPU
		{4B6A01A5-3F33-47A9-8430-3B0FE8244967}.Debug|x86.ActiveCfg = Debug|Any CPU
		{4B6A01A5-3F33-47A9-8430-3B0FE8244967}.Debug|x86.Build.0 = Debug|Any CPU
		{4B6A01A5-3F33-47A9-8430-3B0FE8244967}.Debug|x86.Deploy.0 = Debug|Any CPU
		{4B6A01A5-3F33-47A9-8430-3B0FE8244967}.Release|Any CPU.ActiveCfg = Release|Any CPU
		{4B6A01A5-3F33-47A9-8430-3B0FE8244967}.Release|Any CPU.Build.0 = Release|Any CPU
		{4B6A01A5-3F33-47A9-8430-3B0FE8244967}.Release|Any CPU.Deploy.0 = Release|Any CPU
		{4B6A01A5-3F33-47A9-8430-3B0FE8244967}.Release|ARM.ActiveCfg = Release|Any CPU
		{4B6A01A5-3F33-47A9-8430-3B0FE8244967}.Release|ARM.Build.0 = Release|Any CPU
		{4B6A01A5-3F33-47A9-8430-3B0FE8244967}.Release|ARM.Deploy.0 = Release|Any CPU
		{4B6A01A5-3F33-47A9-8430-3B0FE8244967}.Release|iPhone.ActiveCfg = Release|Any CPU
		{4B6A01A5-3F33-47A9-8430-3B0FE8244967}.Release|iPhone.Build.0 = Release|Any CPU
		{4B6A01A5-3F33-47A9-8430-3B0FE8244967}.Release|iPhone.Deploy.0 = Release|Any CPU
		{4B6A01A5-3F33-47A9-8430-3B0FE8244967}.Release|iPhoneSimulator.ActiveCfg = Release|Any CPU
		{4B6A01A5-3F33-47A9-8430-3B0FE8244967}.Release|iPhoneSimulator.Build.0 = Release|Any CPU
		{4B6A01A5-3F33-47A9-8430-3B0FE8244967}.Release|iPhoneSimulator.Deploy.0 = Release|Any CPU
		{4B6A01A5-3F33-47A9-8430-3B0FE8244967}.Release|x64.ActiveCfg = Release|Any CPU
		{4B6A01A5-3F33-47A9-8430-3B0FE8244967}.Release|x64.Build.0 = Release|Any CPU
		{4B6A01A5-3F33-47A9-8430-3B0FE8244967}.Release|x64.Deploy.0 = Release|Any CPU
		{4B6A01A5-3F33-47A9-8430-3B0FE8244967}.Release|x86.ActiveCfg = Release|Any CPU
		{4B6A01A5-3F33-47A9-8430-3B0FE8244967}.Release|x86.Build.0 = Release|Any CPU
		{4B6A01A5-3F33-47A9-8430-3B0FE8244967}.Release|x86.Deploy.0 = Release|Any CPU
	EndGlobalSection
	GlobalSection(SolutionProperties) = preSolution
		HideSolutionNode = FALSE
	EndGlobalSection
	GlobalSection(ExtensibilityGlobals) = postSolution
		SolutionGuid = {C862AD3A-CA4E-44A0-ABCC-486A3C9E8C6D}
	EndGlobalSection
EndGlobal
